# This file is automatically @generated by Cargo.
# It is not intended for manual editing.
version = 4

[[package]]
name = "awscli2"
version = "0.1.0"

[[package]]
name = "binutils"
version = "0.1.0"

[[package]]
name = "bottlerocket-extra-kit"
version = "0.1.0"
dependencies = [
 "awscli2",
 "binutils",
 "bpftrace",
 "curl",
 "diffutils",
 "file",
 "golang",
 "jsoncpp",
 "nerdctl",
 "oomd",
 "openssh",
 "perf",
 "perfrun",
 "permissive-selinux",
 "procps-ng",
 "sysstat",
 "tar",
 "vim",
 "which",
]

[[package]]
name = "bpftrace"
version = "0.1.0"

[[package]]
name = "curl"
version = "0.1.0"

[[package]]
name = "diffutils"
version = "0.1.0"

[[package]]
name = "file"
version = "0.1.0"

[[package]]
name = "golang"
version = "0.1.0"

[[package]]
name = "jsoncpp"
version = "0.1.0"

[[package]]
name = "nerdctl"
version = "0.1.0"

[[package]]
name = "oomd"
version = "0.1.0"
dependencies = [
 "jsoncpp",
]

[[package]]
name = "openssh"
version = "0.1.0"

[[package]]
name = "perf"
version = "0.1.0"
dependencies = [
 "perfrun",
]

[[package]]
name = "perfrun"
version = "0.1.0"

[[package]]
name = "permissive-selinux"
version = "0.1.0"

[[package]]
name = "procps-ng"
version = "0.1.0"

[[package]]
name = "sysstat"
version = "0.1.0"

[[package]]
name = "tar"
version = "0.1.0"

[[package]]
name = "vim"
version = "0.1.0"

[[package]]
name = "which"
version = "0.1.0"
