# This file is automatically @generated by Cargo.
# It is not intended for manual editing.
version = 4

[[package]]
name = "bottlerocket-extra-kit"
version = "0.1.0"
dependencies = [
 "curl",
 "jsoncpp",
 "oomd",
 "permissive-selinux",
 "sysstat",
 "vim",
]

[[package]]
name = "curl"
version = "0.1.0"

[[package]]
name = "jsoncpp"
version = "0.1.0"

[[package]]
name = "oomd"
version = "0.1.0"
dependencies = [
 "jsoncpp",
]

[[package]]
name = "permissive-selinux"
version = "0.1.0"

[[package]]
name = "sysstat"
version = "0.1.0"

[[package]]
name = "vim"
version = "0.1.0"
