schema-version = 1

[sdk]
name = "bottlerocket-sdk"
version = "0.63.0"
vendor = "bottlerocket"
source = "public.ecr.aws/bottlerocket/bottlerocket-sdk:v0.63.0"
digest = "qoCURTMSE+NeT65OVSYlm+Ex9x2iK5w/B1cMTuG5Rz8="

[[kit]]
name = "bottlerocket-core-kit"
version = "10.1.2"
vendor = "bottlerocket"
source = "public.ecr.aws/bottlerocket/bottlerocket-core-kit:v10.1.2"
digest = "6210fd2OJcTT5sX0JMfXCDq6kLwoWkxu4p7GdpWuimU="
